
Microsoft Visual Studio Solution File, Format Version 12.00
# Visual Studio Version 17
VisualStudioVersion = 17.7.34221.43
MinimumVisualStudioVersion = 10.0.40219.1
Project("{FAE04EC0-301F-11D3-BF4B-00C04F79EFBC}") = "ApiPruebaAgentes", "ApiPruebaAgentes\ApiPruebaAgentes.csproj", "{8D58EEA7-1B98-46AD-A8C2-79FF501242A5}"
EndProject
Global
	GlobalSection(SolutionConfigurationPlatforms) = preSolution
		Debug|Any CPU = Debug|Any CPU
		Release|Any CPU = Release|Any CPU
	EndGlobalSection
	GlobalSection(ProjectConfigurationPlatforms) = postSolution
		{8D58EEA7-1B98-46AD-A8C2-79FF501242A5}.Debug|Any CPU.ActiveCfg = Debug|Any CPU
		{8D58EEA7-1B98-46AD-A8C2-79FF501242A5}.Debug|Any CPU.Build.0 = Debug|Any CPU
		{8D58EEA7-1B98-46AD-A8C2-79FF501242A5}.Release|Any CPU.ActiveCfg = Release|Any CPU
		{8D58EEA7-1B98-46AD-A8C2-79FF501242A5}.Release|Any CPU.Build.0 = Release|Any CPU
	EndGlobalSection
	GlobalSection(SolutionProperties) = preSolution
		HideSolutionNode = FALSE
	EndGlobalSection
	GlobalSection(ExtensibilityGlobals) = postSolution
		SolutionGuid = {D31CC4C3-AB3C-4732-B014-391695FE6F57}
	EndGlobalSection
EndGlobal
